{
  "R": {
    "Version": "4.2.3",
    "Repositories": [
      {
        "Name": "CRAN",
        "URL": "http://lib.stat.cmu.edu/R/CRAN"
      }
    ]
  },
  "Bioconductor": {
    "Version": "3.15"
  },
  "Packages": {
    "Biobase": {
      "Package": "Biobase",
      "Version": "2.56.0",
      "Source": "Bioconductor",
      "git_url": "https://git.bioconductor.org/packages/Biobase",
      "git_branch": "RELEASE_3_15",
      "git_last_commit": "3b2dd91",
      "git_last_commit_date": "2022-04-26",
      "Requirements": [
        "BiocGenerics",
        "R",
        "methods",
        "utils"
      ],
      "Hash": "b58c1eb25be406d1a35dd4cff0e9ba2e"
    },
    "BiocGenerics": {
      "Package": "BiocGenerics",
      "Version": "0.42.0",
      "Source": "Bioconductor",
      "git_url": "https://git.bioconductor.org/packages/BiocGenerics",
      "git_branch": "RELEASE_3_15",
      "git_last_commit": "3582d47",
      "git_last_commit_date": "2022-04-26",
      "Requirements": [
        "R",
        "graphics",
        "methods",
        "stats",
        "utils"
      ],
      "Hash": "37348ee784e82c0a6b650146275b459d"
    },
    "BiocManager": {
      "Package": "BiocManager",
      "Version": "1.30.20",
      "Source": "Repository",
      "Repository": "CRAN",
      "Requirements": [
        "utils"
      ],
      "Hash": "a7fca16a50b6ef7771b49d636dd54b57"
    },
    "gdata": {
      "Package": "gdata",
      "Version": "2.18.0.1",
      "Source": "Repository",
      "Repository": "CRAN",
      "Requirements": [
        "R",
        "gtools",
        "methods",
        "stats",
        "utils"
      ],
      "Hash": "8c86ee4c7aa7dd31ef0a28b28649bde4"
    },
    "gtools": {
      "Package": "gtools",
      "Version": "3.9.4",
      "Source": "Repository",
      "Repository": "CRAN",
      "Requirements": [
        "methods",
        "stats",
        "utils"
      ],
      "Hash": "88bb96eaf7140cdf29e374ef74182220"
    },
    "limma": {
      "Package": "limma",
      "Version": "3.52.4",
      "Source": "Bioconductor",
      "git_url": "https://git.bioconductor.org/packages/limma",
      "git_branch": "RELEASE_3_15",
      "git_last_commit": "3226c29",
      "git_last_commit_date": "2022-09-26",
      "Requirements": [
        "R",
        "grDevices",
        "graphics",
        "methods",
        "stats",
        "utils"
      ],
      "Hash": "89355064f134b79b47db214977a84d65"
    },
    "renv": {
      "Package": "renv",
      "Version": "0.17.3",
      "Source": "Repository",
      "Repository": "CRAN",
      "Requirements": [
        "utils"
      ],
      "Hash": "4543b8cd233ae25c6aba8548be9e747e"
    }
  }
}
